
Microsoft Visual Studio Solution File, Format Version 12.00
# Visual Studio Version 16
VisualStudioVersion = 16.0.30621.155
MinimumVisualStudioVersion = 10.0.40219.1
Project("{9A19103F-16F7-4668-BE54-9A1E7A4F7556}") = "CRUD.Common", "CRUD.Common\CRUD.Common.csproj", "{F0238ADA-9D26-4F20-AF10-CF24EBB8AA3F}"
EndProject
Project("{2150E333-8FDC-42A3-9474-1A3956D46DE8}") = "Services", "Services", "{812EC8C4-DF64-4E7E-93BC-FA8CF25A095A}"
EndProject
Project("{2150E333-8FDC-42A3-9474-1A3956D46DE8}") = "Tests", "Tests", "{2820586E-CE98-444F-AD08-12F2E4CA835B}"
EndProject
Project("{9A19103F-16F7-4668-BE54-9A1E7A4F7556}") = "CRUD.DTO", "CRUD.DTO\CRUD.DTO.csproj", "{242244DE-FCCA-4226-9F9A-E6FCD9EEA125}"
EndProject
Project("{9A19103F-16F7-4668-BE54-9A1E7A4F7556}") = "CRUD.DAL.MSSQL", "CRUD.DAL.MSSQL\CRUD.DAL.MSSQL.csproj", "{76C4AFCB-22F6-4CB1-ACFC-CEC8027254CD}"
EndProject
Project("{9A19103F-16F7-4668-BE54-9A1E7A4F7556}") = "CRUD.Interfaces", "CRUD.Interfaces\CRUD.Interfaces.csproj", "{F08C05FC-2F7B-4281-9B29-81537F670FD3}"
EndProject
Project("{9A19103F-16F7-4668-BE54-9A1E7A4F7556}") = "CRUD.Utils", "CRUD.Utils\CRUD.Utils.csproj", "{2EED79EF-A4FE-45AB-A1B9-796ECD3B9473}"
EndProject
Project("{9A19103F-16F7-4668-BE54-9A1E7A4F7556}") = "CRUDTemplate.API", "Services\CRUD.API\CRUDTemplate.API.csproj", "{C79E6270-2B15-46BD-B228-CCD4FE82CEA8}"
EndProject
Project("{9A19103F-16F7-4668-BE54-9A1E7A4F7556}") = "Test.E2E.CRUD.API", "Tests\Test.CRUD.API\Test.E2E.CRUD.API.csproj", "{708E8211-8E38-42FD-8DB7-DA42509FFE3E}"
EndProject
Project("{9A19103F-16F7-4668-BE54-9A1E7A4F7556}") = "Test.CRUD.DAL.MSSQL", "Tests\Test.CRUD.DAL.MSSQL\Test.CRUD.DAL.MSSQL.csproj", "{4A00A7A1-8666-41B6-8381-73C008CE8A93}"
EndProject
Project("{FAE04EC0-301F-11D3-BF4B-00C04F79EFBC}") = "CRUD.DAL.EF", "CRUD.DAL.EF\CRUD.DAL.EF.csproj", "{26AAE746-CF68-4ED3-BB04-255722C70102}"
EndProject
Project("{FAE04EC0-301F-11D3-BF4B-00C04F79EFBC}") = "Test.CRUD.Common", "Tests\Test.CRUD.Common\Test.CRUD.Common.csproj", "{32E54D18-F5AA-4567-931A-05EF290A5C5D}"
EndProject
Project("{FAE04EC0-301F-11D3-BF4B-00C04F79EFBC}") = "Test.CRUD.DAL.EF", "Tests\Test.CRUD.DAL.EF\Test.CRUD.DAL.EF.csproj", "{0B252E9F-686A-41EC-BE4C-ED7504D63475}"
EndProject
Global
	GlobalSection(SolutionConfigurationPlatforms) = preSolution
		Debug|Any CPU = Debug|Any CPU
		Release|Any CPU = Release|Any CPU
	EndGlobalSection
	GlobalSection(ProjectConfigurationPlatforms) = postSolution
		{F0238ADA-9D26-4F20-AF10-CF24EBB8AA3F}.Debug|Any CPU.ActiveCfg = Debug|Any CPU
		{F0238ADA-9D26-4F20-AF10-CF24EBB8AA3F}.Debug|Any CPU.Build.0 = Debug|Any CPU
		{F0238ADA-9D26-4F20-AF10-CF24EBB8AA3F}.Release|Any CPU.ActiveCfg = Release|Any CPU
		{F0238ADA-9D26-4F20-AF10-CF24EBB8AA3F}.Release|Any CPU.Build.0 = Release|Any CPU
		{242244DE-FCCA-4226-9F9A-E6FCD9EEA125}.Debug|Any CPU.ActiveCfg = Debug|Any CPU
		{242244DE-FCCA-4226-9F9A-E6FCD9EEA125}.Debug|Any CPU.Build.0 = Debug|Any CPU
		{242244DE-FCCA-4226-9F9A-E6FCD9EEA125}.Release|Any CPU.ActiveCfg = Release|Any CPU
		{242244DE-FCCA-4226-9F9A-E6FCD9EEA125}.Release|Any CPU.Build.0 = Release|Any CPU
		{76C4AFCB-22F6-4CB1-ACFC-CEC8027254CD}.Debug|Any CPU.ActiveCfg = Debug|Any CPU
		{76C4AFCB-22F6-4CB1-ACFC-CEC8027254CD}.Debug|Any CPU.Build.0 = Debug|Any CPU
		{76C4AFCB-22F6-4CB1-ACFC-CEC8027254CD}.Release|Any CPU.ActiveCfg = Release|Any CPU
		{76C4AFCB-22F6-4CB1-ACFC-CEC8027254CD}.Release|Any CPU.Build.0 = Release|Any CPU
		{F08C05FC-2F7B-4281-9B29-81537F670FD3}.Debug|Any CPU.ActiveCfg = Debug|Any CPU
		{F08C05FC-2F7B-4281-9B29-81537F670FD3}.Debug|Any CPU.Build.0 = Debug|Any CPU
		{F08C05FC-2F7B-4281-9B29-81537F670FD3}.Release|Any CPU.ActiveCfg = Release|Any CPU
		{F08C05FC-2F7B-4281-9B29-81537F670FD3}.Release|Any CPU.Build.0 = Release|Any CPU
		{2EED79EF-A4FE-45AB-A1B9-796ECD3B9473}.Debug|Any CPU.ActiveCfg = Debug|Any CPU
		{2EED79EF-A4FE-45AB-A1B9-796ECD3B9473}.Debug|Any CPU.Build.0 = Debug|Any CPU
		{2EED79EF-A4FE-45AB-A1B9-796ECD3B9473}.Release|Any CPU.ActiveCfg = Release|Any CPU
		{2EED79EF-A4FE-45AB-A1B9-796ECD3B9473}.Release|Any CPU.Build.0 = Release|Any CPU
		{C79E6270-2B15-46BD-B228-CCD4FE82CEA8}.Debug|Any CPU.ActiveCfg = Debug|Any CPU
		{C79E6270-2B15-46BD-B228-CCD4FE82CEA8}.Debug|Any CPU.Build.0 = Debug|Any CPU
		{C79E6270-2B15-46BD-B228-CCD4FE82CEA8}.Release|Any CPU.ActiveCfg = Release|Any CPU
		{C79E6270-2B15-46BD-B228-CCD4FE82CEA8}.Release|Any CPU.Build.0 = Release|Any CPU
		{708E8211-8E38-42FD-8DB7-DA42509FFE3E}.Debug|Any CPU.ActiveCfg = Debug|Any CPU
		{708E8211-8E38-42FD-8DB7-DA42509FFE3E}.Debug|Any CPU.Build.0 = Debug|Any CPU
		{708E8211-8E38-42FD-8DB7-DA42509FFE3E}.Release|Any CPU.ActiveCfg = Release|Any CPU
		{708E8211-8E38-42FD-8DB7-DA42509FFE3E}.Release|Any CPU.Build.0 = Release|Any CPU
		{4A00A7A1-8666-41B6-8381-73C008CE8A93}.Debug|Any CPU.ActiveCfg = Debug|Any CPU
		{4A00A7A1-8666-41B6-8381-73C008CE8A93}.Debug|Any CPU.Build.0 = Debug|Any CPU
		{4A00A7A1-8666-41B6-8381-73C008CE8A93}.Release|Any CPU.ActiveCfg = Release|Any CPU
		{4A00A7A1-8666-41B6-8381-73C008CE8A93}.Release|Any CPU.Build.0 = Release|Any CPU
		{26AAE746-CF68-4ED3-BB04-255722C70102}.Debug|Any CPU.ActiveCfg = Debug|Any CPU
		{26AAE746-CF68-4ED3-BB04-255722C70102}.Debug|Any CPU.Build.0 = Debug|Any CPU
		{26AAE746-CF68-4ED3-BB04-255722C70102}.Release|Any CPU.ActiveCfg = Release|Any CPU
		{26AAE746-CF68-4ED3-BB04-255722C70102}.Release|Any CPU.Build.0 = Release|Any CPU
		{32E54D18-F5AA-4567-931A-05EF290A5C5D}.Debug|Any CPU.ActiveCfg = Debug|Any CPU
		{32E54D18-F5AA-4567-931A-05EF290A5C5D}.Debug|Any CPU.Build.0 = Debug|Any CPU
		{32E54D18-F5AA-4567-931A-05EF290A5C5D}.Release|Any CPU.ActiveCfg = Release|Any CPU
		{32E54D18-F5AA-4567-931A-05EF290A5C5D}.Release|Any CPU.Build.0 = Release|Any CPU
		{0B252E9F-686A-41EC-BE4C-ED7504D63475}.Debug|Any CPU.ActiveCfg = Debug|Any CPU
		{0B252E9F-686A-41EC-BE4C-ED7504D63475}.Debug|Any CPU.Build.0 = Debug|Any CPU
		{0B252E9F-686A-41EC-BE4C-ED7504D63475}.Release|Any CPU.ActiveCfg = Release|Any CPU
		{0B252E9F-686A-41EC-BE4C-ED7504D63475}.Release|Any CPU.Build.0 = Release|Any CPU
	EndGlobalSection
	GlobalSection(SolutionProperties) = preSolution
		HideSolutionNode = FALSE
	EndGlobalSection
	GlobalSection(NestedProjects) = preSolution
		{C79E6270-2B15-46BD-B228-CCD4FE82CEA8} = {812EC8C4-DF64-4E7E-93BC-FA8CF25A095A}
		{708E8211-8E38-42FD-8DB7-DA42509FFE3E} = {2820586E-CE98-444F-AD08-12F2E4CA835B}
		{4A00A7A1-8666-41B6-8381-73C008CE8A93} = {2820586E-CE98-444F-AD08-12F2E4CA835B}
		{32E54D18-F5AA-4567-931A-05EF290A5C5D} = {2820586E-CE98-444F-AD08-12F2E4CA835B}
		{0B252E9F-686A-41EC-BE4C-ED7504D63475} = {2820586E-CE98-444F-AD08-12F2E4CA835B}
	EndGlobalSection
	GlobalSection(ExtensibilityGlobals) = postSolution
		SolutionGuid = {CCC25D44-E0EE-4AA8-BD23-47C384963292}
	EndGlobalSection
EndGlobal
